// !$*UTF8*$!
{
	archiveVersion = 1;
	classes = {
	};
	objectVersion = 50;
	objects = {

/* Begin PBXBuildFile section */
		D74EDCFC2424CC7000706C76 /* AppDelegate.swift in Sources */ = {isa = PBXBuildFile; fileRef = D74EDCFB2424CC7000706C76 /* AppDelegate.swift */; };
		D74EDCFE2424CC7000706C76 /* ViewController.swift in Sources */ = {isa = PBXBuildFile; fileRef = D74EDCFD2424CC7000706C76 /* ViewController.swift */; };
		D74EDD012424CC7000706C76 /* Main.storyboard in Resources */ = {isa = PBXBuildFile; fileRef = D74EDCFF2424CC7000706C76 /* Main.storyboard */; };
		D74EDD032424CC7400706C76 /* Assets.xcassets in Resources */ = {isa = PBXBuildFile; fileRef = D74EDD022424CC7400706C76 /* Assets.xcassets */; };
		D74EDD062424CC7400706C76 /* LaunchScreen.storyboard in Resources */ = {isa = PBXBuildFile; fileRef = D74EDD042424CC7400706C76 /* LaunchScreen.storyboard */; };
		D74EDD1A2424CE1200706C76 /* Taurus.png in Resources */ = {isa = PBXBuildFile; fileRef = D74EDD0E2424CE1100706C76 /* Taurus.png */; };
		D74EDD1B2424CE1200706C76 /* Libra.png in Resources */ = {isa = PBXBuildFile; fileRef = D74EDD0F2424CE1100706C76 /* Libra.png */; };
		D74EDD1C2424CE1200706C76 /* Aries.png in Resources */ = {isa = PBXBuildFile; fileRef = D74EDD102424CE1100706C76 /* Aries.png */; };
		D74EDD1D2424CE1200706C76 /* Capricorn.png in Resources */ = {isa = PBXBuildFile; fileRef = D74EDD112424CE1100706C76 /* Capricorn.png */; };
		D74EDD1E2424CE1200706C76 /* Gemini.png in Resources */ = {isa = PBXBuildFile; fileRef = D74EDD122424CE1100706C76 /* Gemini.png */; };
		D74EDD1F2424CE1200706C76 /* Virgo.png in Resources */ = {isa = PBXBuildFile; fileRef = D74EDD132424CE1100706C76 /* Virgo.png */; };
		D74EDD202424CE1200706C76 /* Cancer.png in Resources */ = {isa = PBXBuildFile; fileRef = D74EDD142424CE1100706C76 /* Cancer.png */; };
		D74EDD212424CE1200706C76 /* Aquarius.png in Resources */ = {isa = PBXBuildFile; fileRef = D74EDD152424CE1100706C76 /* Aquarius.png */; };
		D74EDD222424CE1200706C76 /* Pisces.png in Resources */ = {isa = PBXBuildFile; fileRef = D74EDD162424CE1100706C76 /* Pisces.png */; };
		D74EDD232424CE1200706C76 /* Sagittarius.png in Resources */ = {isa = PBXBuildFile; fileRef = D74EDD172424CE1100706C76 /* Sagittarius.png */; };
		D74EDD242424CE1200706C76 /* Scorpio.png in Resources */ = {isa = PBXBuildFile; fileRef = D74EDD182424CE1100706C76 /* Scorpio.png */; };
		D74EDD252424CE1200706C76 /* Leo.png in Resources */ = {isa = PBXBuildFile; fileRef = D74EDD192424CE1200706C76 /* Leo.png */; };
		D74EDD322428B83100706C76 /* backgroud.mp3 in Resources */ = {isa = PBXBuildFile; fileRef = D74EDD312428B83100706C76 /* backgroud.mp3 */; };
		D74EDD352428BD9D00706C76 /* bomb.png in Resources */ = {isa = PBXBuildFile; fileRef = D74EDD332428BD9D00706C76 /* bomb.png */; };
		D74EDD362428BD9D00706C76 /* missile.png in Resources */ = {isa = PBXBuildFile; fileRef = D74EDD342428BD9D00706C76 /* missile.png */; };
/* End PBXBuildFile section */

/* Begin PBXFileReference section */
		D74EDCF82424CC7000706C76 /* 777.app */ = {isa = PBXFileReference; explicitFileType = wrapper.application; includeInIndex = 0; path = 777.app; sourceTree = BUILT_PRODUCTS_DIR; };
		D74EDCFB2424CC7000706C76 /* AppDelegate.swift */ = {isa = PBXFileReference; lastKnownFileType = sourcecode.swift; path = AppDelegate.swift; sourceTree = "<group>"; };
		D74EDCFD2424CC7000706C76 /* ViewController.swift */ = {isa = PBXFileReference; lastKnownFileType = sourcecode.swift; path = ViewController.swift; sourceTree = "<group>"; };
		D74EDD002424CC7000706C76 /* Base */ = {isa = PBXFileReference; lastKnownFileType = file.storyboard; name = Base; path = Base.lproj/Main.storyboard; sourceTree = "<group>"; };
		D74EDD022424CC7400706C76 /* Assets.xcassets */ = {isa = PBXFileReference; lastKnownFileType = folder.assetcatalog; path = Assets.xcassets; sourceTree = "<group>"; };
		D74EDD052424CC7400706C76 /* Base */ = {isa = PBXFileReference; lastKnownFileType = file.storyboard; name = Base; path = Base.lproj/LaunchScreen.storyboard; sourceTree = "<group>"; };
		D74EDD072424CC7400706C76 /* Info.plist */ = {isa = PBXFileReference; lastKnownFileType = text.plist.xml; path = Info.plist; sourceTree = "<group>"; };
		D74EDD0E2424CE1100706C76 /* Taurus.png */ = {isa = PBXFileReference; lastKnownFileType = image.png; path = Taurus.png; sourceTree = "<group>"; };
		D74EDD0F2424CE1100706C76 /* Libra.png */ = {isa = PBXFileReference; lastKnownFileType = image.png; path = Libra.png; sourceTree = "<group>"; };
		D74EDD102424CE1100706C76 /* Aries.png */ = {isa = PBXFileReference; lastKnownFileType = image.png; path = Aries.png; sourceTree = "<group>"; };
		D74EDD112424CE1100706C76 /* Capricorn.png */ = {isa = PBXFileReference; lastKnownFileType = image.png; path = Capricorn.png; sourceTree = "<group>"; };
		D74EDD122424CE1100706C76 /* Gemini.png */ = {isa = PBXFileReference; lastKnownFileType = image.png; path = Gemini.png; sourceTree = "<group>"; };
		D74EDD132424CE1100706C76 /* Virgo.png */ = {isa = PBXFileReference; lastKnownFileType = image.png; path = Virgo.png; sourceTree = "<group>"; };
		D74EDD142424CE1100706C76 /* Cancer.png */ = {isa = PBXFileReference; lastKnownFileType = image.png; path = Cancer.png; sourceTree = "<group>"; };
		D74EDD152424CE1100706C76 /* Aquarius.png */ = {isa = PBXFileReference; lastKnownFileType = image.png; path = Aquarius.png; sourceTree = "<group>"; };
		D74EDD162424CE1100706C76 /* Pisces.png */ = {isa = PBXFileReference; lastKnownFileType = image.png; path = Pisces.png; sourceTree = "<group>"; };
		D74EDD172424CE1100706C76 /* Sagittarius.png */ = {isa = PBXFileReference; lastKnownFileType = image.png; path = Sagittarius.png; sourceTree = "<group>"; };
		D74EDD182424CE1100706C76 /* Scorpio.png */ = {isa = PBXFileReference; lastKnownFileType = image.png; path = Scorpio.png; sourceTree = "<group>"; };
		D74EDD192424CE1200706C76 /* Leo.png */ = {isa = PBXFileReference; lastKnownFileType = image.png; path = Leo.png; sourceTree = "<group>"; };
		D74EDD312428B83100706C76 /* backgroud.mp3 */ = {isa = PBXFileReference; lastKnownFileType = audio.mp3; path = backgroud.mp3; sourceTree = "<group>"; };
		D74EDD332428BD9D00706C76 /* bomb.png */ = {isa = PBXFileReference; lastKnownFileType = image.png; path = bomb.png; sourceTree = "<group>"; };
		D74EDD342428BD9D00706C76 /* missile.png */ = {isa = PBXFileReference; lastKnownFileType = image.png; path = missile.png; sourceTree = "<group>"; };
/* End PBXFileReference section */

/* Begin PBXFrameworksBuildPhase section */
		D74EDCF52424CC7000706C76 /* Frameworks */ = {
			isa = PBXFrameworksBuildPhase;
			buildActionMask = 2147483647;
			files = (
			);
			runOnlyForDeploymentPostprocessing = 0;
		};
/* End PBXFrameworksBuildPhase section */

/* Begin PBXGroup section */
		D74EDCEF2424CC7000706C76 = {
			isa = PBXGroup;
			children = (
				D74EDCFA2424CC7000706C76 /* 777 */,
				D74EDCF92424CC7000706C76 /* Products */,
			);
			sourceTree = "<group>";
		};
		D74EDCF92424CC7000706C76 /* Products */ = {
			isa = PBXGroup;
			children = (
				D74EDCF82424CC7000706C76 /* 777.app */,
			);
			name = Products;
			sourceTree = "<group>";
		};
		D74EDCFA2424CC7000706C76 /* 777 */ = {
			isa = PBXGroup;
			children = (
				D74EDD0D2424CE0500706C76 /* Source */,
				D74EDCFB2424CC7000706C76 /* AppDelegate.swift */,
				D74EDCFD2424CC7000706C76 /* ViewController.swift */,
				D74EDCFF2424CC7000706C76 /* Main.storyboard */,
				D74EDD022424CC7400706C76 /* Assets.xcassets */,
				D74EDD042424CC7400706C76 /* LaunchScreen.storyboard */,
				D74EDD072424CC7400706C76 /* Info.plist */,
			);
			path = 777;
			sourceTree = "<group>";
		};
		D74EDD0D2424CE0500706C76 /* Source */ = {
			isa = PBXGroup;
			children = (
				D74EDD332428BD9D00706C76 /* bomb.png */,
				D74EDD342428BD9D00706C76 /* missile.png */,
				D74EDD312428B83100706C76 /* backgroud.mp3 */,
				D74EDD152424CE1100706C76 /* Aquarius.png */,
				D74EDD102424CE1100706C76 /* Aries.png */,
				D74EDD142424CE1100706C76 /* Cancer.png */,
				D74EDD112424CE1100706C76 /* Capricorn.png */,
				D74EDD122424CE1100706C76 /* Gemini.png */,
				D74EDD192424CE1200706C76 /* Leo.png */,
				D74EDD0F2424CE1100706C76 /* Libra.png */,
				D74EDD162424CE1100706C76 /* Pisces.png */,
				D74EDD172424CE1100706C76 /* Sagittarius.png */,
				D74EDD182424CE1100706C76 /* Scorpio.png */,
				D74EDD0E2424CE1100706C76 /* Taurus.png */,
				D74EDD132424CE1100706C76 /* Virgo.png */,
			);
			path = Source;
			sourceTree = "<group>";
		};
/* End PBXGroup section */

/* Begin PBXNativeTarget section */
		D74EDCF72424CC7000706C76 /* 777 */ = {
			isa = PBXNativeTarget;
			buildConfigurationList = D74EDD0A2424CC7400706C76 /* Build configuration list for PBXNativeTarget "777" */;
			buildPhases = (
				D74EDCF42424CC7000706C76 /* Sources */,
				D74EDCF52424CC7000706C76 /* Frameworks */,
				D74EDCF62424CC7000706C76 /* Resources */,
			);
			buildRules = (
			);
			dependencies = (
			);
			name = 777;
			productName = 777;
			productReference = D74EDCF82424CC7000706C76 /* 777.app */;
			productType = "com.apple.product-type.application";
		};
/* End PBXNativeTarget section */

/* Begin PBXProject section */
		D74EDCF02424CC7000706C76 /* Project object */ = {
			isa = PBXProject;
			attributes = {
				LastSwiftUpdateCheck = 1030;
				LastUpgradeCheck = 1030;
				ORGANIZATIONNAME = sinyilin;
				TargetAttributes = {
					D74EDCF72424CC7000706C76 = {
						CreatedOnToolsVersion = 10.3;
					};
				};
			};
			buildConfigurationList = D74EDCF32424CC7000706C76 /* Build configuration list for PBXProject "777" */;
			compatibilityVersion = "Xcode 9.3";
			developmentRegion = en;
			hasScannedForEncodings = 0;
			knownRegions = (
				en,
				Base,
			);
			mainGroup = D74EDCEF2424CC7000706C76;
			productRefGroup = D74EDCF92424CC7000706C76 /* Products */;
			projectDirPath = "";
			projectRoot = "";
			targets = (
				D74EDCF72424CC7000706C76 /* 777 */,
			);
		};
/* End PBXProject section */

/* Begin PBXResourcesBuildPhase section */
		D74EDCF62424CC7000706C76 /* Resources */ = {
			isa = PBXResourcesBuildPhase;
			buildActionMask = 2147483647;
			files = (
				D74EDD232424CE1200706C76 /* Sagittarius.png in Resources */,
				D74EDD1B2424CE1200706C76 /* Libra.png in Resources */,
				D74EDD062424CC7400706C76 /* LaunchScreen.storyboard in Resources */,
				D74EDD1F2424CE1200706C76 /* Virgo.png in Resources */,
				D74EDD1C2424CE1200706C76 /* Aries.png in Resources */,
				D74EDD222424CE1200706C76 /* Pisces.png in Resources */,
				D74EDD352428BD9D00706C76 /* bomb.png in Resources */,
				D74EDD212424CE1200706C76 /* Aquarius.png in Resources */,
				D74EDD242424CE1200706C76 /* Scorpio.png in Resources */,
				D74EDD1A2424CE1200706C76 /* Taurus.png in Resources */,
				D74EDD252424CE1200706C76 /* Leo.png in Resources */,
				D74EDD032424CC7400706C76 /* Assets.xcassets in Resources */,
				D74EDD362428BD9D00706C76 /* missile.png in Resources */,
				D74EDD1D2424CE1200706C76 /* Capricorn.png in Resources */,
				D74EDD202424CE1200706C76 /* Cancer.png in Resources */,
				D74EDD322428B83100706C76 /* backgroud.mp3 in Resources */,
				D74EDD1E2424CE1200706C76 /* Gemini.png in Resources */,
				D74EDD012424CC7000706C76 /* Main.storyboard in Resources */,
			);
			runOnlyForDeploymentPostprocessing = 0;
		};
/* End PBXResourcesBuildPhase section */

/* Begin PBXSourcesBuildPhase section */
		D74EDCF42424CC7000706C76 /* Sources */ = {
			isa = PBXSourcesBuildPhase;
			buildActionMask = 2147483647;
			files = (
				D74EDCFE2424CC7000706C76 /* ViewController.swift in Sources */,
				D74EDCFC2424CC7000706C76 /* AppDelegate.swift in Sources */,
			);
			runOnlyForDeploymentPostprocessing = 0;
		};
/* End PBXSourcesBuildPhase section */

/* Begin PBXVariantGroup section */
		D74EDCFF2424CC7000706C76 /* Main.storyboard */ = {
			isa = PBXVariantGroup;
			children = (
				D74EDD002424CC7000706C76 /* Base */,
			);
			name = Main.storyboard;
			sourceTree = "<group>";
		};
		D74EDD042424CC7400706C76 /* LaunchScreen.storyboard */ = {
			isa = PBXVariantGroup;
			children = (
				D74EDD052424CC7400706C76 /* Base */,
			);
			name = LaunchScreen.storyboard;
			sourceTree = "<group>";
		};
/* End PBXVariantGroup section */

/* Begin XCBuildConfiguration section */
		D74EDD082424CC7400706C76 /* Debug */ = {
			isa = XCBuildConfiguration;
			buildSettings = {
				ALWAYS_SEARCH_USER_PATHS = NO;
				CLANG_ANALYZER_NONNULL = YES;
				CLANG_ANALYZER_NUMBER_OBJECT_CONVERSION = YES_AGGRESSIVE;
				CLANG_CXX_LANGUAGE_STANDARD = "gnu++14";
				CLANG_CXX_LIBRARY = "libc++";
				CLANG_ENABLE_MODULES = YES;
				CLANG_ENABLE_OBJC_ARC = YES;
				CLANG_ENABLE_OBJC_WEAK = YES;
				CLANG_WARN_BLOCK_CAPTURE_AUTORELEASING = YES;
				CLANG_WARN_BOOL_CONVERSION = YES;
				CLANG_WARN_COMMA = YES;
				CLANG_WARN_CONSTANT_CONVERSION = YES;
				CLANG_WARN_DEPRECATED_OBJC_IMPLEMENTATIONS = YES;
				CLANG_WARN_DIRECT_OBJC_ISA_USAGE = YES_ERROR;
				CLANG_WARN_DOCUMENTATION_COMMENTS = YES;
				CLANG_WARN_EMPTY_BODY = YES;
				CLANG_WARN_ENUM_CONVERSION = YES;
				CLANG_WARN_INFINITE_RECURSION = YES;
				CLANG_WARN_INT_CONVERSION = YES;
				CLANG_WARN_NON_LITERAL_NULL_CONVERSION = YES;
				CLANG_WARN_OBJC_IMPLICIT_RETAIN_SELF = YES;
				CLANG_WARN_OBJC_LITERAL_CONVERSION = YES;
				CLANG_WARN_OBJC_ROOT_CLASS = YES_ERROR;
				CLANG_WARN_RANGE_LOOP_ANALYSIS = YES;
				CLANG_WARN_STRICT_PROTOTYPES = YES;
				CLANG_WARN_SUSPICIOUS_MOVE = YES;
				CLANG_WARN_UNGUARDED_AVAILABILITY = YES_AGGRESSIVE;
				CLANG_WARN_UNREACHABLE_CODE = YES;
				CLANG_WARN__DUPLICATE_METHOD_MATCH = YES;
				CODE_SIGN_IDENTITY = "iPhone Developer";
				COPY_PHASE_STRIP = NO;
				DEBUG_INFORMATION_FORMAT = dwarf;
				ENABLE_STRICT_OBJC_MSGSEND = YES;
				ENABLE_TESTABILITY = YES;
				GCC_C_LANGUAGE_STANDARD = gnu11;
				GCC_DYNAMIC_NO_PIC = NO;
				GCC_NO_COMMON_BLOCKS = YES;
				GCC_OPTIMIZATION_LEVEL = 0;
				GCC_PREPROCESSOR_DEFINITIONS = (
					"DEBUG=1",
					"$(inherited)",
				);
				GCC_WARN_64_TO_32_BIT_CONVERSION = YES;
				GCC_WARN_ABOUT_RETURN_TYPE = YES_ERROR;
				GCC_WARN_UNDECLARED_SELECTOR = YES;
				GCC_WARN_UNINITIALIZED_AUTOS = YES_AGGRESSIVE;
				GCC_WARN_UNUSED_FUNCTION = YES;
				GCC_WARN_UNUSED_VARIABLE = YES;
				IPHONEOS_DEPLOYMENT_TARGET = 12.4;
				MTL_ENABLE_DEBUG_INFO = INCLUDE_SOURCE;
				MTL_FAST_MATH = YES;
				ONLY_ACTIVE_ARCH = YES;
				SDKROOT = iphoneos;
				SWIFT_ACTIVE_COMPILATION_CONDITIONS = DEBUG;
				SWIFT_OPTIMIZATION_LEVEL = "-Onone";
			};
			name = Debug;
		};
		D74EDD092424CC7400706C76 /* Release */ = {
			isa = XCBuildConfiguration;
			buildSettings = {
				ALWAYS_SEARCH_USER_PATHS = NO;
				CLANG_ANALYZER_NONNULL = YES;
				CLANG_ANALYZER_NUMBER_OBJECT_CONVERSION = YES_AGGRESSIVE;
				CLANG_CXX_LANGUAGE_STANDARD = "gnu++14";
				CLANG_CXX_LIBRARY = "libc++";
				CLANG_ENABLE_MODULES = YES;
				CLANG_ENABLE_OBJC_ARC = YES;
				CLANG_ENABLE_OBJC_WEAK = YES;
				CLANG_WARN_BLOCK_CAPTURE_AUTORELEASING = YES;
				CLANG_WARN_BOOL_CONVERSION = YES;
				CLANG_WARN_COMMA = YES;
				CLANG_WARN_CONSTANT_CONVERSION = YES;
				CLANG_WARN_DEPRECATED_OBJC_IMPLEMENTATIONS = YES;
				CLANG_WARN_DIRECT_OBJC_ISA_USAGE = YES_ERROR;
				CLANG_WARN_DOCUMENTATION_COMMENTS = YES;
				CLANG_WARN_EMPTY_BODY = YES;
				CLANG_WARN_ENUM_CONVERSION = YES;
				CLANG_WARN_INFINITE_RECURSION = YES;
				CLANG_WARN_INT_CONVERSION = YES;
				CLANG_WARN_NON_LITERAL_NULL_CONVERSION = YES;
				CLANG_WARN_OBJC_IMPLICIT_RETAIN_SELF = YES;
				CLANG_WARN_OBJC_LITERAL_CONVERSION = YES;
				CLANG_WARN_OBJC_ROOT_CLASS = YES_ERROR;
				CLANG_WARN_RANGE_LOOP_ANALYSIS = YES;
				CLANG_WARN_STRICT_PROTOTYPES = YES;
				CLANG_WARN_SUSPICIOUS_MOVE = YES;
				CLANG_WARN_UNGUARDED_AVAILABILITY = YES_AGGRESSIVE;
				CLANG_WARN_UNREACHABLE_CODE = YES;
				CLANG_WARN__DUPLICATE_METHOD_MATCH = YES;
				CODE_SIGN_IDENTITY = "iPhone Developer";
				COPY_PHASE_STRIP = NO;
				DEBUG_INFORMATION_FORMAT = "dwarf-with-dsym";
				ENABLE_NS_ASSERTIONS = NO;
				ENABLE_STRICT_OBJC_MSGSEND = YES;
				GCC_C_LANGUAGE_STANDARD = gnu11;
				GCC_NO_COMMON_BLOCKS = YES;
				GCC_WARN_64_TO_32_BIT_CONVERSION = YES;
				GCC_WARN_ABOUT_RETURN_TYPE = YES_ERROR;
				GCC_WARN_UNDECLARED_SELECTOR = YES;
				GCC_WARN_UNINITIALIZED_AUTOS = YES_AGGRESSIVE;
				GCC_WARN_UNUSED_FUNCTION = YES;
				GCC_WARN_UNUSED_VARIABLE = YES;
				IPHONEOS_DEPLOYMENT_TARGET = 12.4;
				MTL_ENABLE_DEBUG_INFO = NO;
				MTL_FAST_MATH = YES;
				SDKROOT = iphoneos;
				SWIFT_COMPILATION_MODE = wholemodule;
				SWIFT_OPTIMIZATION_LEVEL = "-O";
				VALIDATE_PRODUCT = YES;
			};
			name = Release;
		};
		D74EDD0B2424CC7400706C76 /* Debug */ = {
			isa = XCBuildConfiguration;
			buildSettings = {
				ASSETCATALOG_COMPILER_APPICON_NAME = AppIcon;
				CODE_SIGN_STYLE = Automatic;
				DEVELOPMENT_TEAM = XFSPHXXWZY;
				INFOPLIST_FILE = 777/Info.plist;
				IPHONEOS_DEPLOYMENT_TARGET = 10.1;
				LD_RUNPATH_SEARCH_PATHS = (
					"$(inherited)",
					"@executable_path/Frameworks",
				);
				PRODUCT_BUNDLE_IDENTIFIER = "water.project.app.-77";
				PRODUCT_NAME = "$(TARGET_NAME)";
				SWIFT_VERSION = 5.0;
				TARGETED_DEVICE_FAMILY = 1;
			};
			name = Debug;
		};
		D74EDD0C2424CC7400706C76 /* Release */ = {
			isa = XCBuildConfiguration;
			buildSettings = {
				ASSETCATALOG_COMPILER_APPICON_NAME = AppIcon;
				CODE_SIGN_STYLE = Automatic;
				DEVELOPMENT_TEAM = XFSPHXXWZY;
				INFOPLIST_FILE = 777/Info.plist;
				IPHONEOS_DEPLOYMENT_TARGET = 10.1;
				LD_RUNPATH_SEARCH_PATHS = (
					"$(inherited)",
					"@executable_path/Frameworks",
				);
				PRODUCT_BUNDLE_IDENTIFIER = "water.project.app.-77";
				PRODUCT_NAME = "$(TARGET_NAME)";
				SWIFT_VERSION = 5.0;
				TARGETED_DEVICE_FAMILY = 1;
			};
			name = Release;
		};
/* End XCBuildConfiguration section */

/* Begin XCConfigurationList section */
		D74EDCF32424CC7000706C76 /* Build configuration list for PBXProject "777" */ = {
			isa = XCConfigurationList;
			buildConfigurations = (
				D74EDD082424CC7400706C76 /* Debug */,
				D74EDD092424CC7400706C76 /* Release */,
			);
			defaultConfigurationIsVisible = 0;
			defaultConfigurationName = Release;
		};
		D74EDD0A2424CC7400706C76 /* Build configuration list for PBXNativeTarget "777" */ = {
			isa = XCConfigurationList;
			buildConfigurations = (
				D74EDD0B2424CC7400706C76 /* Debug */,
				D74EDD0C2424CC7400706C76 /* Release */,
			);
			defaultConfigurationIsVisible = 0;
			defaultConfigurationName = Release;
		};
/* End XCConfigurationList section */
	};
	rootObject = D74EDCF02424CC7000706C76 /* Project object */;
}
